// !$*UTF8*$!
{
	archiveVersion = 1;
	classes = {
	};
	objectVersion = 56;
	objects = {

/* Begin PBXBuildFile section */
		C0723B6729BFA8FF00AA37B3 /* AppDelegate.swift in Sources */ = {isa = PBXBuildFile; fileRef = C0723B6629BFA8FF00AA37B3 /* AppDelegate.swift */; };
		C0723B6929BFA8FF00AA37B3 /* SceneDelegate.swift in Sources */ = {isa = PBXBuildFile; fileRef = C0723B6829BFA8FF00AA37B3 /* SceneDelegate.swift */; };
		C0723B6B29BFA8FF00AA37B3 /* ViewController.swift in Sources */ = {isa = PBXBuildFile; fileRef = C0723B6A29BFA8FF00AA37B3 /* ViewController.swift */; };
		C0723B6E29BFA8FF00AA37B3 /* Main.storyboard in Resources */ = {isa = PBXBuildFile; fileRef = C0723B6C29BFA8FF00AA37B3 /* Main.storyboard */; };
		C0723B7029BFA90400AA37B3 /* Assets.xcassets in Resources */ = {isa = PBXBuildFile; fileRef = C0723B6F29BFA90400AA37B3 /* Assets.xcassets */; };
		C0723B7329BFA90400AA37B3 /* LaunchScreen.storyboard in Resources */ = {isa = PBXBuildFile; fileRef = C0723B7129BFA90400AA37B3 /* LaunchScreen.storyboard */; };
		C0723B8729BFAE7000AA37B3 /* NewsStoryboard.storyboard in Resources */ = {isa = PBXBuildFile; fileRef = C0723B8629BFAE7000AA37B3 /* NewsStoryboard.storyboard */; };
		C0723B8929BFB0B500AA37B3 /* NewsViewController.swift in Sources */ = {isa = PBXBuildFile; fileRef = C0723B8829BFB0B500AA37B3 /* NewsViewController.swift */; };
		C0723B8B29BFB12300AA37B3 /* NewsModel.swift in Sources */ = {isa = PBXBuildFile; fileRef = C0723B8A29BFB12300AA37B3 /* NewsModel.swift */; };
		C0723B8E29BFB3EC00AA37B3 /* NewsService.swift in Sources */ = {isa = PBXBuildFile; fileRef = C0723B8D29BFB3EC00AA37B3 /* NewsService.swift */; };
		C0723B9329BFBEAB00AA37B3 /* NewsViewModel.swift in Sources */ = {isa = PBXBuildFile; fileRef = C0723B9229BFBEAB00AA37B3 /* NewsViewModel.swift */; };
		C0723B9C29BFC93B00AA37B3 /* Alamofire in Frameworks */ = {isa = PBXBuildFile; productRef = C0723B9B29BFC93B00AA37B3 /* Alamofire */; };
		C0723B9E29C0B31900AA37B3 /* NewsTableViewCell.swift in Sources */ = {isa = PBXBuildFile; fileRef = C0723B9D29C0B31900AA37B3 /* NewsTableViewCell.swift */; };
		C0723BA129C0B55400AA37B3 /* Kingfisher in Frameworks */ = {isa = PBXBuildFile; productRef = C0723BA029C0B55400AA37B3 /* Kingfisher */; };
		C0723BA329C10C8E00AA37B3 /* DetailsStoryboard.storyboard in Resources */ = {isa = PBXBuildFile; fileRef = C0723BA229C10C8E00AA37B3 /* DetailsStoryboard.storyboard */; };
		C0723BA529C10CAC00AA37B3 /* DetailViewController.swift in Sources */ = {isa = PBXBuildFile; fileRef = C0723BA429C10CAC00AA37B3 /* DetailViewController.swift */; };
/* End PBXBuildFile section */

/* Begin PBXFileReference section */
		C0723B6329BFA8FF00AA37B3 /* NewsApp.app */ = {isa = PBXFileReference; explicitFileType = wrapper.application; includeInIndex = 0; path = NewsApp.app; sourceTree = BUILT_PRODUCTS_DIR; };
		C0723B6629BFA8FF00AA37B3 /* AppDelegate.swift */ = {isa = PBXFileReference; lastKnownFileType = sourcecode.swift; path = AppDelegate.swift; sourceTree = "<group>"; };
		C0723B6829BFA8FF00AA37B3 /* SceneDelegate.swift */ = {isa = PBXFileReference; lastKnownFileType = sourcecode.swift; path = SceneDelegate.swift; sourceTree = "<group>"; };
		C0723B6A29BFA8FF00AA37B3 /* ViewController.swift */ = {isa = PBXFileReference; lastKnownFileType = sourcecode.swift; path = ViewController.swift; sourceTree = "<group>"; };
		C0723B6D29BFA8FF00AA37B3 /* Base */ = {isa = PBXFileReference; lastKnownFileType = file.storyboard; name = Base; path = Base.lproj/Main.storyboard; sourceTree = "<group>"; };
		C0723B6F29BFA90400AA37B3 /* Assets.xcassets */ = {isa = PBXFileReference; lastKnownFileType = folder.assetcatalog; path = Assets.xcassets; sourceTree = "<group>"; };
		C0723B7229BFA90400AA37B3 /* Base */ = {isa = PBXFileReference; lastKnownFileType = file.storyboard; name = Base; path = Base.lproj/LaunchScreen.storyboard; sourceTree = "<group>"; };
		C0723B7429BFA90400AA37B3 /* Info.plist */ = {isa = PBXFileReference; lastKnownFileType = text.plist.xml; path = Info.plist; sourceTree = "<group>"; };
		C0723B8629BFAE7000AA37B3 /* NewsStoryboard.storyboard */ = {isa = PBXFileReference; lastKnownFileType = file.storyboard; path = NewsStoryboard.storyboard; sourceTree = "<group>"; };
		C0723B8829BFB0B500AA37B3 /* NewsViewController.swift */ = {isa = PBXFileReference; lastKnownFileType = sourcecode.swift; path = NewsViewController.swift; sourceTree = "<group>"; };
		C0723B8A29BFB12300AA37B3 /* NewsModel.swift */ = {isa = PBXFileReference; lastKnownFileType = sourcecode.swift; path = NewsModel.swift; sourceTree = "<group>"; };
		C0723B8D29BFB3EC00AA37B3 /* NewsService.swift */ = {isa = PBXFileReference; lastKnownFileType = sourcecode.swift; name = NewsService.swift; path = ../../../../../Documents/NewsService.swift; sourceTree = "<group>"; };
		C0723B9229BFBEAB00AA37B3 /* NewsViewModel.swift */ = {isa = PBXFileReference; lastKnownFileType = sourcecode.swift; name = NewsViewModel.swift; path = ../../../../../../Documents/NewsViewModel.swift; sourceTree = "<group>"; };
		C0723B9D29C0B31900AA37B3 /* NewsTableViewCell.swift */ = {isa = PBXFileReference; lastKnownFileType = sourcecode.swift; path = NewsTableViewCell.swift; sourceTree = "<group>"; };
		C0723BA229C10C8E00AA37B3 /* DetailsStoryboard.storyboard */ = {isa = PBXFileReference; lastKnownFileType = file.storyboard; path = DetailsStoryboard.storyboard; sourceTree = "<group>"; };
		C0723BA429C10CAC00AA37B3 /* DetailViewController.swift */ = {isa = PBXFileReference; lastKnownFileType = sourcecode.swift; path = DetailViewController.swift; sourceTree = "<group>"; };
/* End PBXFileReference section */

/* Begin PBXFrameworksBuildPhase section */
		C0723B6029BFA8FF00AA37B3 /* Frameworks */ = {
			isa = PBXFrameworksBuildPhase;
			buildActionMask = 2147483647;
			files = (
				C0723BA129C0B55400AA37B3 /* Kingfisher in Frameworks */,
				C0723B9C29BFC93B00AA37B3 /* Alamofire in Frameworks */,
			);
			runOnlyForDeploymentPostprocessing = 0;
		};
/* End PBXFrameworksBuildPhase section */

/* Begin PBXGroup section */
		C0723B5A29BFA8FF00AA37B3 = {
			isa = PBXGroup;
			children = (
				C0723B6529BFA8FF00AA37B3 /* NewsApp */,
				C0723B6429BFA8FF00AA37B3 /* Products */,
			);
			sourceTree = "<group>";
		};
		C0723B6429BFA8FF00AA37B3 /* Products */ = {
			isa = PBXGroup;
			children = (
				C0723B6329BFA8FF00AA37B3 /* NewsApp.app */,
			);
			name = Products;
			sourceTree = "<group>";
		};
		C0723B6529BFA8FF00AA37B3 /* NewsApp */ = {
			isa = PBXGroup;
			children = (
				C0723B8C29BFB3D300AA37B3 /* Service */,
				C0723B8329BFADF400AA37B3 /* Views */,
				C0723B8229BFADE800AA37B3 /* Model */,
				C0723B8129BFADBF00AA37B3 /* Features */,
				C0723B7429BFA90400AA37B3 /* Info.plist */,
			);
			path = NewsApp;
			sourceTree = "<group>";
		};
		C0723B8129BFADBF00AA37B3 /* Features */ = {
			isa = PBXGroup;
			children = (
				C0723B6629BFA8FF00AA37B3 /* AppDelegate.swift */,
				C0723B6829BFA8FF00AA37B3 /* SceneDelegate.swift */,
				C0723B6A29BFA8FF00AA37B3 /* ViewController.swift */,
				C0723B6C29BFA8FF00AA37B3 /* Main.storyboard */,
				C0723B6F29BFA90400AA37B3 /* Assets.xcassets */,
				C0723B7129BFA90400AA37B3 /* LaunchScreen.storyboard */,
			);
			path = Features;
			sourceTree = "<group>";
		};
		C0723B8229BFADE800AA37B3 /* Model */ = {
			isa = PBXGroup;
			children = (
				C0723B8A29BFB12300AA37B3 /* NewsModel.swift */,
			);
			path = Model;
			sourceTree = "<group>";
		};
		C0723B8329BFADF400AA37B3 /* Views */ = {
			isa = PBXGroup;
			children = (
				C0A1ED9629C8A85700DF6EC4 /* Cell */,
				C0723B8429BFAE0B00AA37B3 /* Home Page */,
				C0723B8529BFAE2100AA37B3 /* Detail Page */,
			);
			path = Views;
			sourceTree = "<group>";
		};
		C0723B8429BFAE0B00AA37B3 /* Home Page */ = {
			isa = PBXGroup;
			children = (
				C0723B8629BFAE7000AA37B3 /* NewsStoryboard.storyboard */,
				C0723B8829BFB0B500AA37B3 /* NewsViewController.swift */,
				C0723B9229BFBEAB00AA37B3 /* NewsViewModel.swift */,
			);
			path = "Home Page";
			sourceTree = "<group>";
		};
		C0723B8529BFAE2100AA37B3 /* Detail Page */ = {
			isa = PBXGroup;
			children = (
				C0723BA229C10C8E00AA37B3 /* DetailsStoryboard.storyboard */,
				C0723BA429C10CAC00AA37B3 /* DetailViewController.swift */,
			);
			path = "Detail Page";
			sourceTree = "<group>";
		};
		C0723B8C29BFB3D300AA37B3 /* Service */ = {
			isa = PBXGroup;
			children = (
				C0723B8D29BFB3EC00AA37B3 /* NewsService.swift */,
			);
			path = Service;
			sourceTree = "<group>";
		};
		C0A1ED9629C8A85700DF6EC4 /* Cell */ = {
			isa = PBXGroup;
			children = (
				C0723B9D29C0B31900AA37B3 /* NewsTableViewCell.swift */,
			);
			path = Cell;
			sourceTree = "<group>";
		};
/* End PBXGroup section */

/* Begin PBXNativeTarget section */
		C0723B6229BFA8FF00AA37B3 /* NewsApp */ = {
			isa = PBXNativeTarget;
			buildConfigurationList = C0723B7729BFA90400AA37B3 /* Build configuration list for PBXNativeTarget "NewsApp" */;
			buildPhases = (
				C0723B5F29BFA8FF00AA37B3 /* Sources */,
				C0723B6029BFA8FF00AA37B3 /* Frameworks */,
				C0723B6129BFA8FF00AA37B3 /* Resources */,
			);
			buildRules = (
			);
			dependencies = (
			);
			name = NewsApp;
			packageProductDependencies = (
				C0723B9B29BFC93B00AA37B3 /* Alamofire */,
				C0723BA029C0B55400AA37B3 /* Kingfisher */,
			);
			productName = NewsApp;
			productReference = C0723B6329BFA8FF00AA37B3 /* NewsApp.app */;
			productType = "com.apple.product-type.application";
		};
/* End PBXNativeTarget section */

/* Begin PBXProject section */
		C0723B5B29BFA8FF00AA37B3 /* Project object */ = {
			isa = PBXProject;
			attributes = {
				BuildIndependentTargetsInParallel = 1;
				LastSwiftUpdateCheck = 1420;
				LastUpgradeCheck = 1420;
				TargetAttributes = {
					C0723B6229BFA8FF00AA37B3 = {
						CreatedOnToolsVersion = 14.2;
					};
				};
			};
			buildConfigurationList = C0723B5E29BFA8FF00AA37B3 /* Build configuration list for PBXProject "NewsApp" */;
			compatibilityVersion = "Xcode 14.0";
			developmentRegion = en;
			hasScannedForEncodings = 0;
			knownRegions = (
				en,
				Base,
			);
			mainGroup = C0723B5A29BFA8FF00AA37B3;
			packageReferences = (
				C0723B9A29BFC93B00AA37B3 /* XCRemoteSwiftPackageReference "Alamofire" */,
				C0723B9F29C0B55400AA37B3 /* XCRemoteSwiftPackageReference "Kingfisher" */,
			);
			productRefGroup = C0723B6429BFA8FF00AA37B3 /* Products */;
			projectDirPath = "";
			projectRoot = "";
			targets = (
				C0723B6229BFA8FF00AA37B3 /* NewsApp */,
			);
		};
/* End PBXProject section */

/* Begin PBXResourcesBuildPhase section */
		C0723B6129BFA8FF00AA37B3 /* Resources */ = {
			isa = PBXResourcesBuildPhase;
			buildActionMask = 2147483647;
			files = (
				C0723B8729BFAE7000AA37B3 /* NewsStoryboard.storyboard in Resources */,
				C0723B7329BFA90400AA37B3 /* LaunchScreen.storyboard in Resources */,
				C0723B7029BFA90400AA37B3 /* Assets.xcassets in Resources */,
				C0723BA329C10C8E00AA37B3 /* DetailsStoryboard.storyboard in Resources */,
				C0723B6E29BFA8FF00AA37B3 /* Main.storyboard in Resources */,
			);
			runOnlyForDeploymentPostprocessing = 0;
		};
/* End PBXResourcesBuildPhase section */

/* Begin PBXSourcesBuildPhase section */
		C0723B5F29BFA8FF00AA37B3 /* Sources */ = {
			isa = PBXSourcesBuildPhase;
			buildActionMask = 2147483647;
			files = (
				C0723BA529C10CAC00AA37B3 /* DetailViewController.swift in Sources */,
				C0723B8E29BFB3EC00AA37B3 /* NewsService.swift in Sources */,
				C0723B6B29BFA8FF00AA37B3 /* ViewController.swift in Sources */,
				C0723B9E29C0B31900AA37B3 /* NewsTableViewCell.swift in Sources */,
				C0723B6729BFA8FF00AA37B3 /* AppDelegate.swift in Sources */,
				C0723B6929BFA8FF00AA37B3 /* SceneDelegate.swift in Sources */,
				C0723B9329BFBEAB00AA37B3 /* NewsViewModel.swift in Sources */,
				C0723B8929BFB0B500AA37B3 /* NewsViewController.swift in Sources */,
				C0723B8B29BFB12300AA37B3 /* NewsModel.swift in Sources */,
			);
			runOnlyForDeploymentPostprocessing = 0;
		};
/* End PBXSourcesBuildPhase section */

/* Begin PBXVariantGroup section */
		C0723B6C29BFA8FF00AA37B3 /* Main.storyboard */ = {
			isa = PBXVariantGroup;
			children = (
				C0723B6D29BFA8FF00AA37B3 /* Base */,
			);
			name = Main.storyboard;
			sourceTree = "<group>";
		};
		C0723B7129BFA90400AA37B3 /* LaunchScreen.storyboard */ = {
			isa = PBXVariantGroup;
			children = (
				C0723B7229BFA90400AA37B3 /* Base */,
			);
			name = LaunchScreen.storyboard;
			sourceTree = "<group>";
		};
/* End PBXVariantGroup section */

/* Begin XCBuildConfiguration section */
		C0723B7529BFA90400AA37B3 /* Debug */ = {
			isa = XCBuildConfiguration;
			buildSettings = {
				ALWAYS_SEARCH_USER_PATHS = NO;
				CLANG_ANALYZER_NONNULL = YES;
				CLANG_ANALYZER_NUMBER_OBJECT_CONVERSION = YES_AGGRESSIVE;
				CLANG_CXX_LANGUAGE_STANDARD = "gnu++20";
				CLANG_ENABLE_MODULES = YES;
				CLANG_ENABLE_OBJC_ARC = YES;
				CLANG_ENABLE_OBJC_WEAK = YES;
				CLANG_WARN_BLOCK_CAPTURE_AUTORELEASING = YES;
				CLANG_WARN_BOOL_CONVERSION = YES;
				CLANG_WARN_COMMA = YES;
				CLANG_WARN_CONSTANT_CONVERSION = YES;
				CLANG_WARN_DEPRECATED_OBJC_IMPLEMENTATIONS = YES;
				CLANG_WARN_DIRECT_OBJC_ISA_USAGE = YES_ERROR;
				CLANG_WARN_DOCUMENTATION_COMMENTS = YES;
				CLANG_WARN_EMPTY_BODY = YES;
				CLANG_WARN_ENUM_CONVERSION = YES;
				CLANG_WARN_INFINITE_RECURSION = YES;
				CLANG_WARN_INT_CONVERSION = YES;
				CLANG_WARN_NON_LITERAL_NULL_CONVERSION = YES;
				CLANG_WARN_OBJC_IMPLICIT_RETAIN_SELF = YES;
				CLANG_WARN_OBJC_LITERAL_CONVERSION = YES;
				CLANG_WARN_OBJC_ROOT_CLASS = YES_ERROR;
				CLANG_WARN_QUOTED_INCLUDE_IN_FRAMEWORK_HEADER = YES;
				CLANG_WARN_RANGE_LOOP_ANALYSIS = YES;
				CLANG_WARN_STRICT_PROTOTYPES = YES;
				CLANG_WARN_SUSPICIOUS_MOVE = YES;
				CLANG_WARN_UNGUARDED_AVAILABILITY = YES_AGGRESSIVE;
				CLANG_WARN_UNREACHABLE_CODE = YES;
				CLANG_WARN__DUPLICATE_METHOD_MATCH = YES;
				COPY_PHASE_STRIP = NO;
				DEBUG_INFORMATION_FORMAT = dwarf;
				ENABLE_STRICT_OBJC_MSGSEND = YES;
				ENABLE_TESTABILITY = YES;
				GCC_C_LANGUAGE_STANDARD = gnu11;
				GCC_DYNAMIC_NO_PIC = NO;
				GCC_NO_COMMON_BLOCKS = YES;
				GCC_OPTIMIZATION_LEVEL = 0;
				GCC_PREPROCESSOR_DEFINITIONS = (
					"DEBUG=1",
					"$(inherited)",
				);
				GCC_WARN_64_TO_32_BIT_CONVERSION = YES;
				GCC_WARN_ABOUT_RETURN_TYPE = YES_ERROR;
				GCC_WARN_UNDECLARED_SELECTOR = YES;
				GCC_WARN_UNINITIALIZED_AUTOS = YES_AGGRESSIVE;
				GCC_WARN_UNUSED_FUNCTION = YES;
				GCC_WARN_UNUSED_VARIABLE = YES;
				IPHONEOS_DEPLOYMENT_TARGET = 16.2;
				MTL_ENABLE_DEBUG_INFO = INCLUDE_SOURCE;
				MTL_FAST_MATH = YES;
				ONLY_ACTIVE_ARCH = YES;
				SDKROOT = iphoneos;
				SWIFT_ACTIVE_COMPILATION_CONDITIONS = DEBUG;
				SWIFT_OPTIMIZATION_LEVEL = "-Onone";
			};
			name = Debug;
		};
		C0723B7629BFA90400AA37B3 /* Release */ = {
			isa = XCBuildConfiguration;
			buildSettings = {
				ALWAYS_SEARCH_USER_PATHS = NO;
				CLANG_ANALYZER_NONNULL = YES;
				CLANG_ANALYZER_NUMBER_OBJECT_CONVERSION = YES_AGGRESSIVE;
				CLANG_CXX_LANGUAGE_STANDARD = "gnu++20";
				CLANG_ENABLE_MODULES = YES;
				CLANG_ENABLE_OBJC_ARC = YES;
				CLANG_ENABLE_OBJC_WEAK = YES;
				CLANG_WARN_BLOCK_CAPTURE_AUTORELEASING = YES;
				CLANG_WARN_BOOL_CONVERSION = YES;
				CLANG_WARN_COMMA = YES;
				CLANG_WARN_CONSTANT_CONVERSION = YES;
				CLANG_WARN_DEPRECATED_OBJC_IMPLEMENTATIONS = YES;
				CLANG_WARN_DIRECT_OBJC_ISA_USAGE = YES_ERROR;
				CLANG_WARN_DOCUMENTATION_COMMENTS = YES;
				CLANG_WARN_EMPTY_BODY = YES;
				CLANG_WARN_ENUM_CONVERSION = YES;
				CLANG_WARN_INFINITE_RECURSION = YES;
				CLANG_WARN_INT_CONVERSION = YES;
				CLANG_WARN_NON_LITERAL_NULL_CONVERSION = YES;
				CLANG_WARN_OBJC_IMPLICIT_RETAIN_SELF = YES;
				CLANG_WARN_OBJC_LITERAL_CONVERSION = YES;
				CLANG_WARN_OBJC_ROOT_CLASS = YES_ERROR;
				CLANG_WARN_QUOTED_INCLUDE_IN_FRAMEWORK_HEADER = YES;
				CLANG_WARN_RANGE_LOOP_ANALYSIS = YES;
				CLANG_WARN_STRICT_PROTOTYPES = YES;
				CLANG_WARN_SUSPICIOUS_MOVE = YES;
				CLANG_WARN_UNGUARDED_AVAILABILITY = YES_AGGRESSIVE;
				CLANG_WARN_UNREACHABLE_CODE = YES;
				CLANG_WARN__DUPLICATE_METHOD_MATCH = YES;
				COPY_PHASE_STRIP = NO;
				DEBUG_INFORMATION_FORMAT = "dwarf-with-dsym";
				ENABLE_NS_ASSERTIONS = NO;
				ENABLE_STRICT_OBJC_MSGSEND = YES;
				GCC_C_LANGUAGE_STANDARD = gnu11;
				GCC_NO_COMMON_BLOCKS = YES;
				GCC_WARN_64_TO_32_BIT_CONVERSION = YES;
				GCC_WARN_ABOUT_RETURN_TYPE = YES_ERROR;
				GCC_WARN_UNDECLARED_SELECTOR = YES;
				GCC_WARN_UNINITIALIZED_AUTOS = YES_AGGRESSIVE;
				GCC_WARN_UNUSED_FUNCTION = YES;
				GCC_WARN_UNUSED_VARIABLE = YES;
				IPHONEOS_DEPLOYMENT_TARGET = 16.2;
				MTL_ENABLE_DEBUG_INFO = NO;
				MTL_FAST_MATH = YES;
				SDKROOT = iphoneos;
				SWIFT_COMPILATION_MODE = wholemodule;
				SWIFT_OPTIMIZATION_LEVEL = "-O";
				VALIDATE_PRODUCT = YES;
			};
			name = Release;
		};
		C0723B7829BFA90400AA37B3 /* Debug */ = {
			isa = XCBuildConfiguration;
			buildSettings = {
				ASSETCATALOG_COMPILER_APPICON_NAME = AppIcon;
				ASSETCATALOG_COMPILER_GLOBAL_ACCENT_COLOR_NAME = AccentColor;
				CODE_SIGN_STYLE = Automatic;
				CURRENT_PROJECT_VERSION = 1;
				DEVELOPMENT_TEAM = 9Z5J5Q4MH4;
				GENERATE_INFOPLIST_FILE = YES;
				INFOPLIST_FILE = NewsApp/Info.plist;
				INFOPLIST_KEY_UIApplicationSupportsIndirectInputEvents = YES;
				INFOPLIST_KEY_UILaunchStoryboardName = LaunchScreen;
				INFOPLIST_KEY_UIMainStoryboardFile = NewsStoryboard;
				INFOPLIST_KEY_UISupportedInterfaceOrientations_iPad = "UIInterfaceOrientationPortrait UIInterfaceOrientationPortraitUpsideDown UIInterfaceOrientationLandscapeLeft UIInterfaceOrientationLandscapeRight";
				INFOPLIST_KEY_UISupportedInterfaceOrientations_iPhone = "UIInterfaceOrientationPortrait UIInterfaceOrientationLandscapeLeft UIInterfaceOrientationLandscapeRight";
				IPHONEOS_DEPLOYMENT_TARGET = 13.0;
				LD_RUNPATH_SEARCH_PATHS = (
					"$(inherited)",
					"@executable_path/Frameworks",
				);
				MARKETING_VERSION = 1.0;
				PRODUCT_BUNDLE_IDENTIFIER = info.NewsApp;
				PRODUCT_NAME = "$(TARGET_NAME)";
				SWIFT_EMIT_LOC_STRINGS = YES;
				SWIFT_VERSION = 5.0;
				TARGETED_DEVICE_FAMILY = "1,2";
			};
			name = Debug;
		};
		C0723B7929BFA90400AA37B3 /* Release */ = {
			isa = XCBuildConfiguration;
			buildSettings = {
				ASSETCATALOG_COMPILER_APPICON_NAME = AppIcon;
				ASSETCATALOG_COMPILER_GLOBAL_ACCENT_COLOR_NAME = AccentColor;
				CODE_SIGN_STYLE = Automatic;
				CURRENT_PROJECT_VERSION = 1;
				DEVELOPMENT_TEAM = 9Z5J5Q4MH4;
				GENERATE_INFOPLIST_FILE = YES;
				INFOPLIST_FILE = NewsApp/Info.plist;
				INFOPLIST_KEY_UIApplicationSupportsIndirectInputEvents = YES;
				INFOPLIST_KEY_UILaunchStoryboardName = LaunchScreen;
				INFOPLIST_KEY_UIMainStoryboardFile = NewsStoryboard;
				INFOPLIST_KEY_UISupportedInterfaceOrientations_iPad = "UIInterfaceOrientationPortrait UIInterfaceOrientationPortraitUpsideDown UIInterfaceOrientationLandscapeLeft UIInterfaceOrientationLandscapeRight";
				INFOPLIST_KEY_UISupportedInterfaceOrientations_iPhone = "UIInterfaceOrientationPortrait UIInterfaceOrientationLandscapeLeft UIInterfaceOrientationLandscapeRight";
				IPHONEOS_DEPLOYMENT_TARGET = 13.0;
				LD_RUNPATH_SEARCH_PATHS = (
					"$(inherited)",
					"@executable_path/Frameworks",
				);
				MARKETING_VERSION = 1.0;
				PRODUCT_BUNDLE_IDENTIFIER = info.NewsApp;
				PRODUCT_NAME = "$(TARGET_NAME)";
				SWIFT_EMIT_LOC_STRINGS = YES;
				SWIFT_VERSION = 5.0;
				TARGETED_DEVICE_FAMILY = "1,2";
			};
			name = Release;
		};
/* End XCBuildConfiguration section */

/* Begin XCConfigurationList section */
		C0723B5E29BFA8FF00AA37B3 /* Build configuration list for PBXProject "NewsApp" */ = {
			isa = XCConfigurationList;
			buildConfigurations = (
				C0723B7529BFA90400AA37B3 /* Debug */,
				C0723B7629BFA90400AA37B3 /* Release */,
			);
			defaultConfigurationIsVisible = 0;
			defaultConfigurationName = Release;
		};
		C0723B7729BFA90400AA37B3 /* Build configuration list for PBXNativeTarget "NewsApp" */ = {
			isa = XCConfigurationList;
			buildConfigurations = (
				C0723B7829BFA90400AA37B3 /* Debug */,
				C0723B7929BFA90400AA37B3 /* Release */,
			);
			defaultConfigurationIsVisible = 0;
			defaultConfigurationName = Release;
		};
/* End XCConfigurationList section */

/* Begin XCRemoteSwiftPackageReference section */
		C0723B9A29BFC93B00AA37B3 /* XCRemoteSwiftPackageReference "Alamofire" */ = {
			isa = XCRemoteSwiftPackageReference;
			repositoryURL = "https://github.com/Alamofire/Alamofire.git";
			requirement = {
				kind = upToNextMajorVersion;
				minimumVersion = 5.0.0;
			};
		};
		C0723B9F29C0B55400AA37B3 /* XCRemoteSwiftPackageReference "Kingfisher" */ = {
			isa = XCRemoteSwiftPackageReference;
			repositoryURL = "https://github.com/onevcat/Kingfisher";
			requirement = {
				branch = master;
				kind = branch;
			};
		};
/* End XCRemoteSwiftPackageReference section */

/* Begin XCSwiftPackageProductDependency section */
		C0723B9B29BFC93B00AA37B3 /* Alamofire */ = {
			isa = XCSwiftPackageProductDependency;
			package = C0723B9A29BFC93B00AA37B3 /* XCRemoteSwiftPackageReference "Alamofire" */;
			productName = Alamofire;
		};
		C0723BA029C0B55400AA37B3 /* Kingfisher */ = {
			isa = XCSwiftPackageProductDependency;
			package = C0723B9F29C0B55400AA37B3 /* XCRemoteSwiftPackageReference "Kingfisher" */;
			productName = Kingfisher;
		};
/* End XCSwiftPackageProductDependency section */
	};
	rootObject = C0723B5B29BFA8FF00AA37B3 /* Project object */;
}
